
Microsoft Visual Studio Solution File, Format Version 12.00
# Visual Studio Version 17
VisualStudioVersion = 17.10.35004.147
MinimumVisualStudioVersion = 10.0.40219.1
Project("{9A19103F-16F7-4668-BE54-9A1E7A4F7556}") = "TareaApp", "tarea\TareaApp.csproj", "{6A83A54C-CD82-43DE-A103-54578F4F25A4}"
EndProject
Project("{9A19103F-16F7-4668-BE54-9A1E7A4F7556}") = "TareaApp.Application", "tareas.application\TareaApp.Application.csproj", "{4BFAF517-8923-4705-822C-78126D1E0F9C}"
EndProject
Global
	GlobalSection(SolutionConfigurationPlatforms) = preSolution
		Debug|Any CPU = Debug|Any CPU
		Release|Any CPU = Release|Any CPU
	EndGlobalSection
	GlobalSection(ProjectConfigurationPlatforms) = postSolution
		{6A83A54C-CD82-43DE-A103-54578F4F25A4}.Debug|Any CPU.ActiveCfg = Debug|Any CPU
		{6A83A54C-CD82-43DE-A103-54578F4F25A4}.Debug|Any CPU.Build.0 = Debug|Any CPU
		{6A83A54C-CD82-43DE-A103-54578F4F25A4}.Release|Any CPU.ActiveCfg = Release|Any CPU
		{6A83A54C-CD82-43DE-A103-54578F4F25A4}.Release|Any CPU.Build.0 = Release|Any CPU
		{4BFAF517-8923-4705-822C-78126D1E0F9C}.Debug|Any CPU.ActiveCfg = Debug|Any CPU
		{4BFAF517-8923-4705-822C-78126D1E0F9C}.Debug|Any CPU.Build.0 = Debug|Any CPU
		{4BFAF517-8923-4705-822C-78126D1E0F9C}.Release|Any CPU.ActiveCfg = Release|Any CPU
		{4BFAF517-8923-4705-822C-78126D1E0F9C}.Release|Any CPU.Build.0 = Release|Any CPU
	EndGlobalSection
	GlobalSection(SolutionProperties) = preSolution
		HideSolutionNode = FALSE
	EndGlobalSection
	GlobalSection(ExtensibilityGlobals) = postSolution
		SolutionGuid = {E2CB49AE-A813-437A-A25C-35220E95A3FF}
	EndGlobalSection
EndGlobal
